
Microsoft Visual Studio Solution File, Format Version 12.00
# Visual Studio Version 16
VisualStudioVersion = 16.0.31729.503
MinimumVisualStudioVersion = 10.0.40219.1
Project("{FAE04EC0-301F-11D3-BF4B-00C04F79EFBC}") = "App", "App\App.csproj", "{168D1173-A9CF-47EF-B8CF-7A2820D2A042}"
EndProject
Project("{FAE04EC0-301F-11D3-BF4B-00C04F79EFBC}") = "Data", "Infrastructure\Data.csproj", "{8B809893-C676-478A-B0EF-901C79C777CA}"
EndProject
Project("{FAE04EC0-301F-11D3-BF4B-00C04F79EFBC}") = "Model", "Model\Model.csproj", "{AE135B38-610D-49DB-BC1F-E054133A3798}"
EndProject
Global
	GlobalSection(SolutionConfigurationPlatforms) = preSolution
		Debug|Any CPU = Debug|Any CPU
		Release|Any CPU = Release|Any CPU
	EndGlobalSection
	GlobalSection(ProjectConfigurationPlatforms) = postSolution
		{168D1173-A9CF-47EF-B8CF-7A2820D2A042}.Debug|Any CPU.ActiveCfg = Debug|Any CPU
		{168D1173-A9CF-47EF-B8CF-7A2820D2A042}.Debug|Any CPU.Build.0 = Debug|Any CPU
		{168D1173-A9CF-47EF-B8CF-7A2820D2A042}.Release|Any CPU.ActiveCfg = Release|Any CPU
		{168D1173-A9CF-47EF-B8CF-7A2820D2A042}.Release|Any CPU.Build.0 = Release|Any CPU
		{8B809893-C676-478A-B0EF-901C79C777CA}.Debug|Any CPU.ActiveCfg = Debug|Any CPU
		{8B809893-C676-478A-B0EF-901C79C777CA}.Debug|Any CPU.Build.0 = Debug|Any CPU
		{8B809893-C676-478A-B0EF-901C79C777CA}.Release|Any CPU.ActiveCfg = Release|Any CPU
		{8B809893-C676-478A-B0EF-901C79C777CA}.Release|Any CPU.Build.0 = Release|Any CPU
		{AE135B38-610D-49DB-BC1F-E054133A3798}.Debug|Any CPU.ActiveCfg = Debug|Any CPU
		{AE135B38-610D-49DB-BC1F-E054133A3798}.Debug|Any CPU.Build.0 = Debug|Any CPU
		{AE135B38-610D-49DB-BC1F-E054133A3798}.Release|Any CPU.ActiveCfg = Release|Any CPU
		{AE135B38-610D-49DB-BC1F-E054133A3798}.Release|Any CPU.Build.0 = Release|Any CPU
	EndGlobalSection
	GlobalSection(SolutionProperties) = preSolution
		HideSolutionNode = FALSE
	EndGlobalSection
	GlobalSection(ExtensibilityGlobals) = postSolution
		SolutionGuid = {38F20679-C4F1-486B-A82D-97AB3CAA5A64}
	EndGlobalSection
EndGlobal
